
Microsoft Visual Studio Solution File, Format Version 12.00
# Visual Studio Version 16
VisualStudioVersion = 16.0.29306.81
MinimumVisualStudioVersion = 10.0.40219.1
Project("{FAE04EC0-301F-11D3-BF4B-00C04F79EFBC}") = "KidDemo", "KidDemo\KidDemo.csproj", "{A0AA1309-5131-4F8C-8A75-1C045B3AB3F5}"
EndProject
Global
	GlobalSection(SolutionConfigurationPlatforms) = preSolution
		Debug|Any CPU = Debug|Any CPU
		Release|Any CPU = Release|Any CPU
	EndGlobalSection
	GlobalSection(ProjectConfigurationPlatforms) = postSolution
		{A0AA1309-5131-4F8C-8A75-1C045B3AB3F5}.Debug|Any CPU.ActiveCfg = Debug|Any CPU
		{A0AA1309-5131-4F8C-8A75-1C045B3AB3F5}.Debug|Any CPU.Build.0 = Debug|Any CPU
		{A0AA1309-5131-4F8C-8A75-1C045B3AB3F5}.Release|Any CPU.ActiveCfg = Release|Any CPU
		{A0AA1309-5131-4F8C-8A75-1C045B3AB3F5}.Release|Any CPU.Build.0 = Release|Any CPU
	EndGlobalSection
	GlobalSection(SolutionProperties) = preSolution
		HideSolutionNode = FALSE
	EndGlobalSection
	GlobalSection(ExtensibilityGlobals) = postSolution
		SolutionGuid = {6F4B531D-1F58-4F4A-81D8-FC1D9FCF10EF}
	EndGlobalSection
EndGlobal
